// !$*UTF8*$!
{
	archiveVersion = 1;
	classes = {
	};
	objectVersion = 55;
	objects = {

/* Begin PBXBuildFile section */
		DC2F25E828054A4F002A25AA /* MainView.swift in Sources */ = {isa = PBXBuildFile; fileRef = DC2F25E728054A4F002A25AA /* MainView.swift */; };
		DC2F25E928054A4F002A25AA /* MainView.swift in Sources */ = {isa = PBXBuildFile; fileRef = DC2F25E728054A4F002A25AA /* MainView.swift */; };
		DC2F25ED28054A7A002A25AA /* HomeAppBarView.swift in Sources */ = {isa = PBXBuildFile; fileRef = DC2F25EC28054A7A002A25AA /* HomeAppBarView.swift */; };
		DC2F25EE28054A7A002A25AA /* HomeAppBarView.swift in Sources */ = {isa = PBXBuildFile; fileRef = DC2F25EC28054A7A002A25AA /* HomeAppBarView.swift */; };
		DC2F25F128054B90002A25AA /* SDWebImageSwiftUI in Frameworks */ = {isa = PBXBuildFile; productRef = DC2F25F028054B90002A25AA /* SDWebImageSwiftUI */; };
		DC2F25F428054BAD002A25AA /* ImageView.swift in Sources */ = {isa = PBXBuildFile; fileRef = DC2F25F328054BAD002A25AA /* ImageView.swift */; };
		DC2F25F528054BAD002A25AA /* ImageView.swift in Sources */ = {isa = PBXBuildFile; fileRef = DC2F25F328054BAD002A25AA /* ImageView.swift */; };
		DC43C88628049BB500F7B748 /* Comix.swift in Sources */ = {isa = PBXBuildFile; fileRef = DC43C87628049BB300F7B748 /* Comix.swift */; };
		DC43C88728049BB500F7B748 /* Comix.swift in Sources */ = {isa = PBXBuildFile; fileRef = DC43C87628049BB300F7B748 /* Comix.swift */; };
		DC43C88828049BB500F7B748 /* ContentView.swift in Sources */ = {isa = PBXBuildFile; fileRef = DC43C87728049BB300F7B748 /* ContentView.swift */; };
		DC43C88928049BB500F7B748 /* ContentView.swift in Sources */ = {isa = PBXBuildFile; fileRef = DC43C87728049BB300F7B748 /* ContentView.swift */; };
		DC43C88A28049BB500F7B748 /* Assets.xcassets in Resources */ = {isa = PBXBuildFile; fileRef = DC43C87828049BB500F7B748 /* Assets.xcassets */; };
		DC43C88B28049BB500F7B748 /* Assets.xcassets in Resources */ = {isa = PBXBuildFile; fileRef = DC43C87828049BB500F7B748 /* Assets.xcassets */; };
		DCA08D742805AAAE00ACB448 /* HomeSearchView.swift in Sources */ = {isa = PBXBuildFile; fileRef = DCA08D732805AAAE00ACB448 /* HomeSearchView.swift */; };
		DCA08D752805AAAE00ACB448 /* HomeSearchView.swift in Sources */ = {isa = PBXBuildFile; fileRef = DCA08D732805AAAE00ACB448 /* HomeSearchView.swift */; };
		DCA08D782805AAE700ACB448 /* Category.swift in Sources */ = {isa = PBXBuildFile; fileRef = DCA08D772805AAE700ACB448 /* Category.swift */; };
		DCA08D792805AAE700ACB448 /* Category.swift in Sources */ = {isa = PBXBuildFile; fileRef = DCA08D772805AAE700ACB448 /* Category.swift */; };
		DCA08D7B2805ADC700ACB448 /* HomeFilterView.swift in Sources */ = {isa = PBXBuildFile; fileRef = DCA08D7A2805ADC700ACB448 /* HomeFilterView.swift */; };
		DCA08D7C2805ADC700ACB448 /* HomeFilterView.swift in Sources */ = {isa = PBXBuildFile; fileRef = DCA08D7A2805ADC700ACB448 /* HomeFilterView.swift */; };
		DCA08D7E2805AE6900ACB448 /* Story.swift in Sources */ = {isa = PBXBuildFile; fileRef = DCA08D7D2805AE6900ACB448 /* Story.swift */; };
		DCA08D7F2805AE6900ACB448 /* Story.swift in Sources */ = {isa = PBXBuildFile; fileRef = DCA08D7D2805AE6900ACB448 /* Story.swift */; };
		DCA08D822805B16100ACB448 /* StoryItemView.swift in Sources */ = {isa = PBXBuildFile; fileRef = DCA08D812805B16100ACB448 /* StoryItemView.swift */; };
		DCA08D832805B16100ACB448 /* StoryItemView.swift in Sources */ = {isa = PBXBuildFile; fileRef = DCA08D812805B16100ACB448 /* StoryItemView.swift */; };
		DCA08D862805B75400ACB448 /* MainViewModel.swift in Sources */ = {isa = PBXBuildFile; fileRef = DCA08D852805B75400ACB448 /* MainViewModel.swift */; };
		DCA08D872805B75400ACB448 /* MainViewModel.swift in Sources */ = {isa = PBXBuildFile; fileRef = DCA08D852805B75400ACB448 /* MainViewModel.swift */; };
		DCA08D8A2805C2BA00ACB448 /* BorderOnlyShape.swift in Sources */ = {isa = PBXBuildFile; fileRef = DCA08D892805C2BA00ACB448 /* BorderOnlyShape.swift */; };
		DCA08D8B2805C2BA00ACB448 /* BorderOnlyShape.swift in Sources */ = {isa = PBXBuildFile; fileRef = DCA08D892805C2BA00ACB448 /* BorderOnlyShape.swift */; };
		DCA08D8D2805C89500ACB448 /* MainTabView.swift in Sources */ = {isa = PBXBuildFile; fileRef = DCA08D8C2805C89500ACB448 /* MainTabView.swift */; };
		DCA08D8E2805C89500ACB448 /* MainTabView.swift in Sources */ = {isa = PBXBuildFile; fileRef = DCA08D8C2805C89500ACB448 /* MainTabView.swift */; };
		DCA08D902805EC2300ACB448 /* HomeView.swift in Sources */ = {isa = PBXBuildFile; fileRef = DCA08D8F2805EC2300ACB448 /* HomeView.swift */; };
		DCA08D912805EC2300ACB448 /* HomeView.swift in Sources */ = {isa = PBXBuildFile; fileRef = DCA08D8F2805EC2300ACB448 /* HomeView.swift */; };
		DCA08D932805F67700ACB448 /* HomeUpdatedView.swift in Sources */ = {isa = PBXBuildFile; fileRef = DCA08D922805F67600ACB448 /* HomeUpdatedView.swift */; };
		DCA08D942805F67700ACB448 /* HomeUpdatedView.swift in Sources */ = {isa = PBXBuildFile; fileRef = DCA08D922805F67600ACB448 /* HomeUpdatedView.swift */; };
		DCA08D962805F72100ACB448 /* HomeBannerView.swift in Sources */ = {isa = PBXBuildFile; fileRef = DCA08D952805F72000ACB448 /* HomeBannerView.swift */; };
		DCA08D972805F72100ACB448 /* HomeBannerView.swift in Sources */ = {isa = PBXBuildFile; fileRef = DCA08D952805F72000ACB448 /* HomeBannerView.swift */; };
		DCD73FD228063FFF00208E56 /* HomeViewModel.swift in Sources */ = {isa = PBXBuildFile; fileRef = DCD73FD128063FFF00208E56 /* HomeViewModel.swift */; };
		DCD73FD328063FFF00208E56 /* HomeViewModel.swift in Sources */ = {isa = PBXBuildFile; fileRef = DCD73FD128063FFF00208E56 /* HomeViewModel.swift */; };
/* End PBXBuildFile section */

/* Begin PBXFileReference section */
		DC2F25E728054A4F002A25AA /* MainView.swift */ = {isa = PBXFileReference; lastKnownFileType = sourcecode.swift; path = MainView.swift; sourceTree = "<group>"; };
		DC2F25EC28054A7A002A25AA /* HomeAppBarView.swift */ = {isa = PBXFileReference; lastKnownFileType = sourcecode.swift; path = HomeAppBarView.swift; sourceTree = "<group>"; };
		DC2F25F328054BAD002A25AA /* ImageView.swift */ = {isa = PBXFileReference; lastKnownFileType = sourcecode.swift; path = ImageView.swift; sourceTree = "<group>"; };
		DC43C87628049BB300F7B748 /* Comix.swift */ = {isa = PBXFileReference; lastKnownFileType = sourcecode.swift; path = Comix.swift; sourceTree = "<group>"; };
		DC43C87728049BB300F7B748 /* ContentView.swift */ = {isa = PBXFileReference; lastKnownFileType = sourcecode.swift; path = ContentView.swift; sourceTree = "<group>"; };
		DC43C87828049BB500F7B748 /* Assets.xcassets */ = {isa = PBXFileReference; lastKnownFileType = folder.assetcatalog; path = Assets.xcassets; sourceTree = "<group>"; };
		DC43C87D28049BB500F7B748 /* comix.app */ = {isa = PBXFileReference; explicitFileType = wrapper.application; includeInIndex = 0; path = comix.app; sourceTree = BUILT_PRODUCTS_DIR; };
		DC43C88328049BB500F7B748 /* comix.app */ = {isa = PBXFileReference; explicitFileType = wrapper.application; includeInIndex = 0; path = comix.app; sourceTree = BUILT_PRODUCTS_DIR; };
		DC43C88528049BB500F7B748 /* macOS.entitlements */ = {isa = PBXFileReference; lastKnownFileType = text.plist.entitlements; path = macOS.entitlements; sourceTree = "<group>"; };
		DCA08D732805AAAE00ACB448 /* HomeSearchView.swift */ = {isa = PBXFileReference; lastKnownFileType = sourcecode.swift; path = HomeSearchView.swift; sourceTree = "<group>"; };
		DCA08D772805AAE700ACB448 /* Category.swift */ = {isa = PBXFileReference; lastKnownFileType = sourcecode.swift; path = Category.swift; sourceTree = "<group>"; };
		DCA08D7A2805ADC700ACB448 /* HomeFilterView.swift */ = {isa = PBXFileReference; lastKnownFileType = sourcecode.swift; path = HomeFilterView.swift; sourceTree = "<group>"; };
		DCA08D7D2805AE6900ACB448 /* Story.swift */ = {isa = PBXFileReference; lastKnownFileType = sourcecode.swift; path = Story.swift; sourceTree = "<group>"; };
		DCA08D812805B16100ACB448 /* StoryItemView.swift */ = {isa = PBXFileReference; lastKnownFileType = sourcecode.swift; path = StoryItemView.swift; sourceTree = "<group>"; };
		DCA08D852805B75400ACB448 /* MainViewModel.swift */ = {isa = PBXFileReference; lastKnownFileType = sourcecode.swift; path = MainViewModel.swift; sourceTree = "<group>"; };
		DCA08D892805C2BA00ACB448 /* BorderOnlyShape.swift */ = {isa = PBXFileReference; lastKnownFileType = sourcecode.swift; path = BorderOnlyShape.swift; sourceTree = "<group>"; };
		DCA08D8C2805C89500ACB448 /* MainTabView.swift */ = {isa = PBXFileReference; lastKnownFileType = sourcecode.swift; path = MainTabView.swift; sourceTree = "<group>"; };
		DCA08D8F2805EC2300ACB448 /* HomeView.swift */ = {isa = PBXFileReference; lastKnownFileType = sourcecode.swift; path = HomeView.swift; sourceTree = "<group>"; };
		DCA08D922805F67600ACB448 /* HomeUpdatedView.swift */ = {isa = PBXFileReference; lastKnownFileType = sourcecode.swift; path = HomeUpdatedView.swift; sourceTree = "<group>"; };
		DCA08D952805F72000ACB448 /* HomeBannerView.swift */ = {isa = PBXFileReference; lastKnownFileType = sourcecode.swift; path = HomeBannerView.swift; sourceTree = "<group>"; };
		DCD73FD128063FFF00208E56 /* HomeViewModel.swift */ = {isa = PBXFileReference; lastKnownFileType = sourcecode.swift; path = HomeViewModel.swift; sourceTree = "<group>"; };
/* End PBXFileReference section */

/* Begin PBXFrameworksBuildPhase section */
		DC43C87A28049BB500F7B748 /* Frameworks */ = {
			isa = PBXFrameworksBuildPhase;
			buildActionMask = 2147483647;
			files = (
				DC2F25F128054B90002A25AA /* SDWebImageSwiftUI in Frameworks */,
			);
			runOnlyForDeploymentPostprocessing = 0;
		};
		DC43C88028049BB500F7B748 /* Frameworks */ = {
			isa = PBXFrameworksBuildPhase;
			buildActionMask = 2147483647;
			files = (
			);
			runOnlyForDeploymentPostprocessing = 0;
		};
/* End PBXFrameworksBuildPhase section */

/* Begin PBXGroup section */
		DC2F25E628054A34002A25AA /* View */ = {
			isa = PBXGroup;
			children = (
				DC2F25E728054A4F002A25AA /* MainView.swift */,
				DCA08D8F2805EC2300ACB448 /* HomeView.swift */,
			);
			path = View;
			sourceTree = "<group>";
		};
		DC2F25EA28054A5E002A25AA /* Components */ = {
			isa = PBXGroup;
			children = (
				DCA08D802805B14300ACB448 /* Template */,
				DCA08D722805AA9800ACB448 /* Home */,
				DC2F25F228054BA0002A25AA /* Includes */,
				DC2F25EB28054A6C002A25AA /* Main */,
			);
			path = Components;
			sourceTree = "<group>";
		};
		DC2F25EB28054A6C002A25AA /* Main */ = {
			isa = PBXGroup;
			children = (
				DCA08D8C2805C89500ACB448 /* MainTabView.swift */,
			);
			path = Main;
			sourceTree = "<group>";
		};
		DC2F25F228054BA0002A25AA /* Includes */ = {
			isa = PBXGroup;
			children = (
				DC2F25F328054BAD002A25AA /* ImageView.swift */,
			);
			path = Includes;
			sourceTree = "<group>";
		};
		DC43C87028049BB200F7B748 = {
			isa = PBXGroup;
			children = (
				DC43C87528049BB300F7B748 /* Shared */,
				DC43C88428049BB500F7B748 /* macOS */,
				DC43C87E28049BB500F7B748 /* Products */,
			);
			sourceTree = "<group>";
		};
		DC43C87528049BB300F7B748 /* Shared */ = {
			isa = PBXGroup;
			children = (
				DCA08D882805C29600ACB448 /* Shape */,
				DCA08D842805B74200ACB448 /* ViewModel */,
				DCA08D762805AADC00ACB448 /* Model */,
				DC2F25EA28054A5E002A25AA /* Components */,
				DC2F25E628054A34002A25AA /* View */,
				DC43C87628049BB300F7B748 /* Comix.swift */,
				DC43C87728049BB300F7B748 /* ContentView.swift */,
				DC43C87828049BB500F7B748 /* Assets.xcassets */,
			);
			path = Shared;
			sourceTree = "<group>";
		};
		DC43C87E28049BB500F7B748 /* Products */ = {
			isa = PBXGroup;
			children = (
				DC43C87D28049BB500F7B748 /* comix.app */,
				DC43C88328049BB500F7B748 /* comix.app */,
			);
			name = Products;
			sourceTree = "<group>";
		};
		DC43C88428049BB500F7B748 /* macOS */ = {
			isa = PBXGroup;
			children = (
				DC43C88528049BB500F7B748 /* macOS.entitlements */,
			);
			path = macOS;
			sourceTree = "<group>";
		};
		DCA08D722805AA9800ACB448 /* Home */ = {
			isa = PBXGroup;
			children = (
				DC2F25EC28054A7A002A25AA /* HomeAppBarView.swift */,
				DCA08D732805AAAE00ACB448 /* HomeSearchView.swift */,
				DCA08D7A2805ADC700ACB448 /* HomeFilterView.swift */,
				DCA08D922805F67600ACB448 /* HomeUpdatedView.swift */,
				DCA08D952805F72000ACB448 /* HomeBannerView.swift */,
			);
			path = Home;
			sourceTree = "<group>";
		};
		DCA08D762805AADC00ACB448 /* Model */ = {
			isa = PBXGroup;
			children = (
				DCA08D772805AAE700ACB448 /* Category.swift */,
				DCA08D7D2805AE6900ACB448 /* Story.swift */,
			);
			path = Model;
			sourceTree = "<group>";
		};
		DCA08D802805B14300ACB448 /* Template */ = {
			isa = PBXGroup;
			children = (
				DCA08D812805B16100ACB448 /* StoryItemView.swift */,
			);
			path = Template;
			sourceTree = "<group>";
		};
		DCA08D842805B74200ACB448 /* ViewModel */ = {
			isa = PBXGroup;
			children = (
				DCA08D852805B75400ACB448 /* MainViewModel.swift */,
				DCD73FD128063FFF00208E56 /* HomeViewModel.swift */,
			);
			path = ViewModel;
			sourceTree = "<group>";
		};
		DCA08D882805C29600ACB448 /* Shape */ = {
			isa = PBXGroup;
			children = (
				DCA08D892805C2BA00ACB448 /* BorderOnlyShape.swift */,
			);
			path = Shape;
			sourceTree = "<group>";
		};
/* End PBXGroup section */

/* Begin PBXNativeTarget section */
		DC43C87C28049BB500F7B748 /* comix (iOS) */ = {
			isa = PBXNativeTarget;
			buildConfigurationList = DC43C88E28049BB500F7B748 /* Build configuration list for PBXNativeTarget "comix (iOS)" */;
			buildPhases = (
				DC43C87928049BB500F7B748 /* Sources */,
				DC43C87A28049BB500F7B748 /* Frameworks */,
				DC43C87B28049BB500F7B748 /* Resources */,
			);
			buildRules = (
			);
			dependencies = (
			);
			name = "comix (iOS)";
			packageProductDependencies = (
				DC2F25F028054B90002A25AA /* SDWebImageSwiftUI */,
			);
			productName = "comix (iOS)";
			productReference = DC43C87D28049BB500F7B748 /* comix.app */;
			productType = "com.apple.product-type.application";
		};
		DC43C88228049BB500F7B748 /* comix (macOS) */ = {
			isa = PBXNativeTarget;
			buildConfigurationList = DC43C89128049BB500F7B748 /* Build configuration list for PBXNativeTarget "comix (macOS)" */;
			buildPhases = (
				DC43C87F28049BB500F7B748 /* Sources */,
				DC43C88028049BB500F7B748 /* Frameworks */,
				DC43C88128049BB500F7B748 /* Resources */,
			);
			buildRules = (
			);
			dependencies = (
			);
			name = "comix (macOS)";
			productName = "comix (macOS)";
			productReference = DC43C88328049BB500F7B748 /* comix.app */;
			productType = "com.apple.product-type.application";
		};
/* End PBXNativeTarget section */

/* Begin PBXProject section */
		DC43C87128049BB200F7B748 /* Project object */ = {
			isa = PBXProject;
			attributes = {
				BuildIndependentTargetsInParallel = 1;
				LastSwiftUpdateCheck = 1330;
				LastUpgradeCheck = 1330;
				TargetAttributes = {
					DC43C87C28049BB500F7B748 = {
						CreatedOnToolsVersion = 13.3;
					};
					DC43C88228049BB500F7B748 = {
						CreatedOnToolsVersion = 13.3;
					};
				};
			};
			buildConfigurationList = DC43C87428049BB200F7B748 /* Build configuration list for PBXProject "comix" */;
			compatibilityVersion = "Xcode 13.0";
			developmentRegion = en;
			hasScannedForEncodings = 0;
			knownRegions = (
				en,
				Base,
			);
			mainGroup = DC43C87028049BB200F7B748;
			packageReferences = (
				DC2F25EF28054B90002A25AA /* XCRemoteSwiftPackageReference "SDWebImageSwiftUI" */,
			);
			productRefGroup = DC43C87E28049BB500F7B748 /* Products */;
			projectDirPath = "";
			projectRoot = "";
			targets = (
				DC43C87C28049BB500F7B748 /* comix (iOS) */,
				DC43C88228049BB500F7B748 /* comix (macOS) */,
			);
		};
/* End PBXProject section */

/* Begin PBXResourcesBuildPhase section */
		DC43C87B28049BB500F7B748 /* Resources */ = {
			isa = PBXResourcesBuildPhase;
			buildActionMask = 2147483647;
			files = (
				DC43C88A28049BB500F7B748 /* Assets.xcassets in Resources */,
			);
			runOnlyForDeploymentPostprocessing = 0;
		};
		DC43C88128049BB500F7B748 /* Resources */ = {
			isa = PBXResourcesBuildPhase;
			buildActionMask = 2147483647;
			files = (
				DC43C88B28049BB500F7B748 /* Assets.xcassets in Resources */,
			);
			runOnlyForDeploymentPostprocessing = 0;
		};
/* End PBXResourcesBuildPhase section */

/* Begin PBXSourcesBuildPhase section */
		DC43C87928049BB500F7B748 /* Sources */ = {
			isa = PBXSourcesBuildPhase;
			buildActionMask = 2147483647;
			files = (
				DCD73FD228063FFF00208E56 /* HomeViewModel.swift in Sources */,
				DCA08D932805F67700ACB448 /* HomeUpdatedView.swift in Sources */,
				DC2F25F428054BAD002A25AA /* ImageView.swift in Sources */,
				DCA08D902805EC2300ACB448 /* HomeView.swift in Sources */,
				DCA08D7B2805ADC700ACB448 /* HomeFilterView.swift in Sources */,
				DC43C88828049BB500F7B748 /* ContentView.swift in Sources */,
				DCA08D822805B16100ACB448 /* StoryItemView.swift in Sources */,
				DC2F25ED28054A7A002A25AA /* HomeAppBarView.swift in Sources */,
				DCA08D8A2805C2BA00ACB448 /* BorderOnlyShape.swift in Sources */,
				DC2F25E828054A4F002A25AA /* MainView.swift in Sources */,
				DCA08D962805F72100ACB448 /* HomeBannerView.swift in Sources */,
				DCA08D8D2805C89500ACB448 /* MainTabView.swift in Sources */,
				DC43C88628049BB500F7B748 /* Comix.swift in Sources */,
				DCA08D742805AAAE00ACB448 /* HomeSearchView.swift in Sources */,
				DCA08D782805AAE700ACB448 /* Category.swift in Sources */,
				DCA08D7E2805AE6900ACB448 /* Story.swift in Sources */,
				DCA08D862805B75400ACB448 /* MainViewModel.swift in Sources */,
			);
			runOnlyForDeploymentPostprocessing = 0;
		};
		DC43C87F28049BB500F7B748 /* Sources */ = {
			isa = PBXSourcesBuildPhase;
			buildActionMask = 2147483647;
			files = (
				DCD73FD328063FFF00208E56 /* HomeViewModel.swift in Sources */,
				DCA08D942805F67700ACB448 /* HomeUpdatedView.swift in Sources */,
				DC2F25F528054BAD002A25AA /* ImageView.swift in Sources */,
				DCA08D912805EC2300ACB448 /* HomeView.swift in Sources */,
				DCA08D7C2805ADC700ACB448 /* HomeFilterView.swift in Sources */,
				DC43C88928049BB500F7B748 /* ContentView.swift in Sources */,
				DCA08D832805B16100ACB448 /* StoryItemView.swift in Sources */,
				DC2F25EE28054A7A002A25AA /* HomeAppBarView.swift in Sources */,
				DCA08D8B2805C2BA00ACB448 /* BorderOnlyShape.swift in Sources */,
				DC2F25E928054A4F002A25AA /* MainView.swift in Sources */,
				DCA08D972805F72100ACB448 /* HomeBannerView.swift in Sources */,
				DCA08D8E2805C89500ACB448 /* MainTabView.swift in Sources */,
				DC43C88728049BB500F7B748 /* Comix.swift in Sources */,
				DCA08D752805AAAE00ACB448 /* HomeSearchView.swift in Sources */,
				DCA08D792805AAE700ACB448 /* Category.swift in Sources */,
				DCA08D7F2805AE6900ACB448 /* Story.swift in Sources */,
				DCA08D872805B75400ACB448 /* MainViewModel.swift in Sources */,
			);
			runOnlyForDeploymentPostprocessing = 0;
		};
/* End PBXSourcesBuildPhase section */

/* Begin XCBuildConfiguration section */
		DC43C88C28049BB500F7B748 /* Debug */ = {
			isa = XCBuildConfiguration;
			buildSettings = {
				ALWAYS_SEARCH_USER_PATHS = NO;
				CLANG_ANALYZER_NONNULL = YES;
				CLANG_ANALYZER_NUMBER_OBJECT_CONVERSION = YES_AGGRESSIVE;
				CLANG_CXX_LANGUAGE_STANDARD = "gnu++17";
				CLANG_ENABLE_MODULES = YES;
				CLANG_ENABLE_OBJC_ARC = YES;
				CLANG_ENABLE_OBJC_WEAK = YES;
				CLANG_WARN_BLOCK_CAPTURE_AUTORELEASING = YES;
				CLANG_WARN_BOOL_CONVERSION = YES;
				CLANG_WARN_COMMA = YES;
				CLANG_WARN_CONSTANT_CONVERSION = YES;
				CLANG_WARN_DEPRECATED_OBJC_IMPLEMENTATIONS = YES;
				CLANG_WARN_DIRECT_OBJC_ISA_USAGE = YES_ERROR;
				CLANG_WARN_DOCUMENTATION_COMMENTS = YES;
				CLANG_WARN_EMPTY_BODY = YES;
				CLANG_WARN_ENUM_CONVERSION = YES;
				CLANG_WARN_INFINITE_RECURSION = YES;
				CLANG_WARN_INT_CONVERSION = YES;
				CLANG_WARN_NON_LITERAL_NULL_CONVERSION = YES;
				CLANG_WARN_OBJC_IMPLICIT_RETAIN_SELF = YES;
				CLANG_WARN_OBJC_LITERAL_CONVERSION = YES;
				CLANG_WARN_OBJC_ROOT_CLASS = YES_ERROR;
				CLANG_WARN_QUOTED_INCLUDE_IN_FRAMEWORK_HEADER = YES;
				CLANG_WARN_RANGE_LOOP_ANALYSIS = YES;
				CLANG_WARN_STRICT_PROTOTYPES = YES;
				CLANG_WARN_SUSPICIOUS_MOVE = YES;
				CLANG_WARN_UNGUARDED_AVAILABILITY = YES_AGGRESSIVE;
				CLANG_WARN_UNREACHABLE_CODE = YES;
				CLANG_WARN__DUPLICATE_METHOD_MATCH = YES;
				COPY_PHASE_STRIP = NO;
				DEBUG_INFORMATION_FORMAT = dwarf;
				ENABLE_STRICT_OBJC_MSGSEND = YES;
				ENABLE_TESTABILITY = YES;
				GCC_C_LANGUAGE_STANDARD = gnu11;
				GCC_DYNAMIC_NO_PIC = NO;
				GCC_NO_COMMON_BLOCKS = YES;
				GCC_OPTIMIZATION_LEVEL = 0;
				GCC_PREPROCESSOR_DEFINITIONS = (
					"DEBUG=1",
					"$(inherited)",
				);
				GCC_WARN_64_TO_32_BIT_CONVERSION = YES;
				GCC_WARN_ABOUT_RETURN_TYPE = YES_ERROR;
				GCC_WARN_UNDECLARED_SELECTOR = YES;
				GCC_WARN_UNINITIALIZED_AUTOS = YES_AGGRESSIVE;
				GCC_WARN_UNUSED_FUNCTION = YES;
				GCC_WARN_UNUSED_VARIABLE = YES;
				MTL_ENABLE_DEBUG_INFO = INCLUDE_SOURCE;
				MTL_FAST_MATH = YES;
				ONLY_ACTIVE_ARCH = YES;
				SWIFT_ACTIVE_COMPILATION_CONDITIONS = DEBUG;
				SWIFT_OPTIMIZATION_LEVEL = "-Onone";
			};
			name = Debug;
		};
		DC43C88D28049BB500F7B748 /* Release */ = {
			isa = XCBuildConfiguration;
			buildSettings = {
				ALWAYS_SEARCH_USER_PATHS = NO;
				CLANG_ANALYZER_NONNULL = YES;
				CLANG_ANALYZER_NUMBER_OBJECT_CONVERSION = YES_AGGRESSIVE;
				CLANG_CXX_LANGUAGE_STANDARD = "gnu++17";
				CLANG_ENABLE_MODULES = YES;
				CLANG_ENABLE_OBJC_ARC = YES;
				CLANG_ENABLE_OBJC_WEAK = YES;
				CLANG_WARN_BLOCK_CAPTURE_AUTORELEASING = YES;
				CLANG_WARN_BOOL_CONVERSION = YES;
				CLANG_WARN_COMMA = YES;
				CLANG_WARN_CONSTANT_CONVERSION = YES;
				CLANG_WARN_DEPRECATED_OBJC_IMPLEMENTATIONS = YES;
				CLANG_WARN_DIRECT_OBJC_ISA_USAGE = YES_ERROR;
				CLANG_WARN_DOCUMENTATION_COMMENTS = YES;
				CLANG_WARN_EMPTY_BODY = YES;
				CLANG_WARN_ENUM_CONVERSION = YES;
				CLANG_WARN_INFINITE_RECURSION = YES;
				CLANG_WARN_INT_CONVERSION = YES;
				CLANG_WARN_NON_LITERAL_NULL_CONVERSION = YES;
				CLANG_WARN_OBJC_IMPLICIT_RETAIN_SELF = YES;
				CLANG_WARN_OBJC_LITERAL_CONVERSION = YES;
				CLANG_WARN_OBJC_ROOT_CLASS = YES_ERROR;
				CLANG_WARN_QUOTED_INCLUDE_IN_FRAMEWORK_HEADER = YES;
				CLANG_WARN_RANGE_LOOP_ANALYSIS = YES;
				CLANG_WARN_STRICT_PROTOTYPES = YES;
				CLANG_WARN_SUSPICIOUS_MOVE = YES;
				CLANG_WARN_UNGUARDED_AVAILABILITY = YES_AGGRESSIVE;
				CLANG_WARN_UNREACHABLE_CODE = YES;
				CLANG_WARN__DUPLICATE_METHOD_MATCH = YES;
				COPY_PHASE_STRIP = NO;
				DEBUG_INFORMATION_FORMAT = "dwarf-with-dsym";
				ENABLE_NS_ASSERTIONS = NO;
				ENABLE_STRICT_OBJC_MSGSEND = YES;
				GCC_C_LANGUAGE_STANDARD = gnu11;
				GCC_NO_COMMON_BLOCKS = YES;
				GCC_WARN_64_TO_32_BIT_CONVERSION = YES;
				GCC_WARN_ABOUT_RETURN_TYPE = YES_ERROR;
				GCC_WARN_UNDECLARED_SELECTOR = YES;
				GCC_WARN_UNINITIALIZED_AUTOS = YES_AGGRESSIVE;
				GCC_WARN_UNUSED_FUNCTION = YES;
				GCC_WARN_UNUSED_VARIABLE = YES;
				MTL_ENABLE_DEBUG_INFO = NO;
				MTL_FAST_MATH = YES;
				SWIFT_COMPILATION_MODE = wholemodule;
				SWIFT_OPTIMIZATION_LEVEL = "-O";
			};
			name = Release;
		};
		DC43C88F28049BB500F7B748 /* Debug */ = {
			isa = XCBuildConfiguration;
			buildSettings = {
				ASSETCATALOG_COMPILER_APPICON_NAME = AppIcon;
				ASSETCATALOG_COMPILER_GLOBAL_ACCENT_COLOR_NAME = AccentColor;
				CODE_SIGN_STYLE = Automatic;
				CURRENT_PROJECT_VERSION = 1;
				DEVELOPMENT_TEAM = J3NKJ48LMS;
				ENABLE_PREVIEWS = YES;
				GENERATE_INFOPLIST_FILE = YES;
				INFOPLIST_KEY_UIApplicationSceneManifest_Generation = YES;
				INFOPLIST_KEY_UIApplicationSupportsIndirectInputEvents = YES;
				INFOPLIST_KEY_UILaunchScreen_Generation = YES;
				INFOPLIST_KEY_UISupportedInterfaceOrientations_iPad = "UIInterfaceOrientationPortrait UIInterfaceOrientationPortraitUpsideDown UIInterfaceOrientationLandscapeLeft UIInterfaceOrientationLandscapeRight";
				INFOPLIST_KEY_UISupportedInterfaceOrientations_iPhone = "UIInterfaceOrientationPortrait UIInterfaceOrientationLandscapeLeft UIInterfaceOrientationLandscapeRight";
				IPHONEOS_DEPLOYMENT_TARGET = 15.4;
				LD_RUNPATH_SEARCH_PATHS = (
					"$(inherited)",
					"@executable_path/Frameworks",
				);
				MARKETING_VERSION = 1.0;
				PRODUCT_BUNDLE_IDENTIFIER = nguyenshort.comix;
				PRODUCT_NAME = comix;
				SDKROOT = iphoneos;
				SWIFT_EMIT_LOC_STRINGS = YES;
				SWIFT_VERSION = 5.0;
				TARGETED_DEVICE_FAMILY = "1,2";
			};
			name = Debug;
		};
		DC43C89028049BB500F7B748 /* Release */ = {
			isa = XCBuildConfiguration;
			buildSettings = {
				ASSETCATALOG_COMPILER_APPICON_NAME = AppIcon;
				ASSETCATALOG_COMPILER_GLOBAL_ACCENT_COLOR_NAME = AccentColor;
				CODE_SIGN_STYLE = Automatic;
				CURRENT_PROJECT_VERSION = 1;
				DEVELOPMENT_TEAM = J3NKJ48LMS;
				ENABLE_PREVIEWS = YES;
				GENERATE_INFOPLIST_FILE = YES;
				INFOPLIST_KEY_UIApplicationSceneManifest_Generation = YES;
				INFOPLIST_KEY_UIApplicationSupportsIndirectInputEvents = YES;
				INFOPLIST_KEY_UILaunchScreen_Generation = YES;
				INFOPLIST_KEY_UISupportedInterfaceOrientations_iPad = "UIInterfaceOrientationPortrait UIInterfaceOrientationPortraitUpsideDown UIInterfaceOrientationLandscapeLeft UIInterfaceOrientationLandscapeRight";
				INFOPLIST_KEY_UISupportedInterfaceOrientations_iPhone = "UIInterfaceOrientationPortrait UIInterfaceOrientationLandscapeLeft UIInterfaceOrientationLandscapeRight";
				IPHONEOS_DEPLOYMENT_TARGET = 15.4;
				LD_RUNPATH_SEARCH_PATHS = (
					"$(inherited)",
					"@executable_path/Frameworks",
				);
				MARKETING_VERSION = 1.0;
				PRODUCT_BUNDLE_IDENTIFIER = nguyenshort.comix;
				PRODUCT_NAME = comix;
				SDKROOT = iphoneos;
				SWIFT_EMIT_LOC_STRINGS = YES;
				SWIFT_VERSION = 5.0;
				TARGETED_DEVICE_FAMILY = "1,2";
				VALIDATE_PRODUCT = YES;
			};
			name = Release;
		};
		DC43C89228049BB500F7B748 /* Debug */ = {
			isa = XCBuildConfiguration;
			buildSettings = {
				ASSETCATALOG_COMPILER_APPICON_NAME = AppIcon;
				ASSETCATALOG_COMPILER_GLOBAL_ACCENT_COLOR_NAME = AccentColor;
				CODE_SIGN_ENTITLEMENTS = macOS/macOS.entitlements;
				CODE_SIGN_STYLE = Automatic;
				COMBINE_HIDPI_IMAGES = YES;
				CURRENT_PROJECT_VERSION = 1;
				DEVELOPMENT_TEAM = J3NKJ48LMS;
				ENABLE_HARDENED_RUNTIME = YES;
				ENABLE_PREVIEWS = YES;
				GENERATE_INFOPLIST_FILE = YES;
				INFOPLIST_KEY_NSHumanReadableCopyright = "";
				LD_RUNPATH_SEARCH_PATHS = (
					"$(inherited)",
					"@executable_path/../Frameworks",
				);
				MACOSX_DEPLOYMENT_TARGET = 12.3;
				MARKETING_VERSION = 1.0;
				PRODUCT_BUNDLE_IDENTIFIER = nguyenshort.comix;
				PRODUCT_NAME = comix;
				SDKROOT = macosx;
				SWIFT_EMIT_LOC_STRINGS = YES;
				SWIFT_VERSION = 5.0;
			};
			name = Debug;
		};
		DC43C89328049BB500F7B748 /* Release */ = {
			isa = XCBuildConfiguration;
			buildSettings = {
				ASSETCATALOG_COMPILER_APPICON_NAME = AppIcon;
				ASSETCATALOG_COMPILER_GLOBAL_ACCENT_COLOR_NAME = AccentColor;
				CODE_SIGN_ENTITLEMENTS = macOS/macOS.entitlements;
				CODE_SIGN_STYLE = Automatic;
				COMBINE_HIDPI_IMAGES = YES;
				CURRENT_PROJECT_VERSION = 1;
				DEVELOPMENT_TEAM = J3NKJ48LMS;
				ENABLE_HARDENED_RUNTIME = YES;
				ENABLE_PREVIEWS = YES;
				GENERATE_INFOPLIST_FILE = YES;
				INFOPLIST_KEY_NSHumanReadableCopyright = "";
				LD_RUNPATH_SEARCH_PATHS = (
					"$(inherited)",
					"@executable_path/../Frameworks",
				);
				MACOSX_DEPLOYMENT_TARGET = 12.3;
				MARKETING_VERSION = 1.0;
				PRODUCT_BUNDLE_IDENTIFIER = nguyenshort.comix;
				PRODUCT_NAME = comix;
				SDKROOT = macosx;
				SWIFT_EMIT_LOC_STRINGS = YES;
				SWIFT_VERSION = 5.0;
			};
			name = Release;
		};
/* End XCBuildConfiguration section */

/* Begin XCConfigurationList section */
		DC43C87428049BB200F7B748 /* Build configuration list for PBXProject "comix" */ = {
			isa = XCConfigurationList;
			buildConfigurations = (
				DC43C88C28049BB500F7B748 /* Debug */,
				DC43C88D28049BB500F7B748 /* Release */,
			);
			defaultConfigurationIsVisible = 0;
			defaultConfigurationName = Release;
		};
		DC43C88E28049BB500F7B748 /* Build configuration list for PBXNativeTarget "comix (iOS)" */ = {
			isa = XCConfigurationList;
			buildConfigurations = (
				DC43C88F28049BB500F7B748 /* Debug */,
				DC43C89028049BB500F7B748 /* Release */,
			);
			defaultConfigurationIsVisible = 0;
			defaultConfigurationName = Release;
		};
		DC43C89128049BB500F7B748 /* Build configuration list for PBXNativeTarget "comix (macOS)" */ = {
			isa = XCConfigurationList;
			buildConfigurations = (
				DC43C89228049BB500F7B748 /* Debug */,
				DC43C89328049BB500F7B748 /* Release */,
			);
			defaultConfigurationIsVisible = 0;
			defaultConfigurationName = Release;
		};
/* End XCConfigurationList section */

/* Begin XCRemoteSwiftPackageReference section */
		DC2F25EF28054B90002A25AA /* XCRemoteSwiftPackageReference "SDWebImageSwiftUI" */ = {
			isa = XCRemoteSwiftPackageReference;
			repositoryURL = "https://github.com/SDWebImage/SDWebImageSwiftUI.git";
			requirement = {
				kind = upToNextMajorVersion;
				minimumVersion = 2.0.0;
			};
		};
/* End XCRemoteSwiftPackageReference section */

/* Begin XCSwiftPackageProductDependency section */
		DC2F25F028054B90002A25AA /* SDWebImageSwiftUI */ = {
			isa = XCSwiftPackageProductDependency;
			package = DC2F25EF28054B90002A25AA /* XCRemoteSwiftPackageReference "SDWebImageSwiftUI" */;
			productName = SDWebImageSwiftUI;
		};
/* End XCSwiftPackageProductDependency section */
	};
	rootObject = DC43C87128049BB200F7B748 /* Project object */;
}
